
Microsoft Visual Studio Solution File, Format Version 12.00
# Visual Studio Version 17
VisualStudioVersion = 17.9.34902.65
MinimumVisualStudioVersion = 10.0.40219.1
Project("{FAE04EC0-301F-11D3-BF4B-00C04F79EFBC}") = "AbstractClasses", "AbstractClasses\AbstractClasses.csproj", "{F154126C-A742-409A-9F61-E93536127094}"
EndProject
Global
	GlobalSection(SolutionConfigurationPlatforms) = preSolution
		Debug|Any CPU = Debug|Any CPU
		Release|Any CPU = Release|Any CPU
	EndGlobalSection
	GlobalSection(ProjectConfigurationPlatforms) = postSolution
		{F154126C-A742-409A-9F61-E93536127094}.Debug|Any CPU.ActiveCfg = Debug|Any CPU
		{F154126C-A742-409A-9F61-E93536127094}.Debug|Any CPU.Build.0 = Debug|Any CPU
		{F154126C-A742-409A-9F61-E93536127094}.Release|Any CPU.ActiveCfg = Release|Any CPU
		{F154126C-A742-409A-9F61-E93536127094}.Release|Any CPU.Build.0 = Release|Any CPU
	EndGlobalSection
	GlobalSection(SolutionProperties) = preSolution
		HideSolutionNode = FALSE
	EndGlobalSection
	GlobalSection(ExtensibilityGlobals) = postSolution
		SolutionGuid = {7AE04D20-6709-4A58-AEF6-2922AB219485}
	EndGlobalSection
EndGlobal
